Microsoft Visual Studio Solution File, Format Version 12.00
# Visual Studio Version 17
VisualStudioVersion = 17.5.2.0
MinimumVisualStudioVersion = 10.0.40219.1
Project("{FAE04EC0-301F-11D3-BF4B-00C04F79EFBC}") = "AbstractFactory", "AbstractFactory\AbstractFactory.csproj", "{8FC1E637-63CC-6664-8009-47A487A2AF0F}"
EndProject
Global
	GlobalSection(SolutionConfigurationPlatforms) = preSolution
		Debug|Any CPU = Debug|Any CPU
		Release|Any CPU = Release|Any CPU
	EndGlobalSection
	GlobalSection(ProjectConfigurationPlatforms) = postSolution
		{8FC1E637-63CC-6664-8009-47A487A2AF0F}.Debug|Any CPU.ActiveCfg = Debug|Any CPU
		{8FC1E637-63CC-6664-8009-47A487A2AF0F}.Debug|Any CPU.Build.0 = Debug|Any CPU
		{8FC1E637-63CC-6664-8009-47A487A2AF0F}.Release|Any CPU.ActiveCfg = Release|Any CPU
		{8FC1E637-63CC-6664-8009-47A487A2AF0F}.Release|Any CPU.Build.0 = Release|Any CPU
	EndGlobalSection
	GlobalSection(SolutionProperties) = preSolution
		HideSolutionNode = FALSE
	EndGlobalSection
	GlobalSection(ExtensibilityGlobals) = postSolution
		SolutionGuid = {5E018824-F9B7-4999-93F3-05097EBF1339}
	EndGlobalSection
EndGlobal
