Microsoft Visual Studio Solution File, Format Version 12.00
# Visual Studio Version 17
VisualStudioVersion = 17.5.2.0
MinimumVisualStudioVersion = 10.0.40219.1
Project("{FAE04EC0-301F-11D3-BF4B-00C04F79EFBC}") = "Prototype", "Prototype.csproj", "{C29CCEDC-CAD6-447E-52E3-FF1583F419EB}"
EndProject
Global
	GlobalSection(SolutionConfigurationPlatforms) = preSolution
		Debug|Any CPU = Debug|Any CPU
		Release|Any CPU = Release|Any CPU
	EndGlobalSection
	GlobalSection(ProjectConfigurationPlatforms) = postSolution
		{C29CCEDC-CAD6-447E-52E3-FF1583F419EB}.Debug|Any CPU.ActiveCfg = Debug|Any CPU
		{C29CCEDC-CAD6-447E-52E3-FF1583F419EB}.Debug|Any CPU.Build.0 = Debug|Any CPU
		{C29CCEDC-CAD6-447E-52E3-FF1583F419EB}.Release|Any CPU.ActiveCfg = Release|Any CPU
		{C29CCEDC-CAD6-447E-52E3-FF1583F419EB}.Release|Any CPU.Build.0 = Release|Any CPU
	EndGlobalSection
	GlobalSection(SolutionProperties) = preSolution
		HideSolutionNode = FALSE
	EndGlobalSection
	GlobalSection(ExtensibilityGlobals) = postSolution
		SolutionGuid = {B67FF4CE-7C28-4798-B0FD-67E51DC2CF9A}
	EndGlobalSection
EndGlobal
